{
 "name": "tagme.in",
 "lockfileVersion": 3,
 "requires": true,
 "packages": {
  "": {
   "dependencies": {
    "@cloudflare/ai": "^1.0.50",
    "@tagmein/civil-memory": "^0.0.13"
   },
   "devDependencies": {
    "@cloudflare/workers-types": "^4.20231218.0",
    "@types/node": "^20.10.6"
   }
  },
  "node_modules/@cloudflare/ai": {
   "version": "1.0.50",
   "resolved": "https://registry.npmjs.org/@cloudflare/ai/-/ai-1.0.50.tgz",
   "integrity": "sha512-lgTrP514G9VRXEhWWDQ80gTs5latLBzoc8ouJKOEKRw6SPtEjHHrMkPv+WOAsamBOnXCjdBV63MVE2VCJ6PE7Q=="
  },
  "node_modules/@cloudflare/workers-types": {
   "version": "4.20231218.0",
   "resolved": "https://registry.npmjs.org/@cloudflare/workers-types/-/workers-types-4.20231218.0.tgz",
   "integrity": "sha512-Vs1FKjfUjXYGbCsXzkl+ITp0Iyb6QiW6+vTERTNThC+v96T0IvPVAioH4tT20rXwoxAfxh380mAaxYtTrJUNVg==",
   "dev": true
  },
  "node_modules/@fastify/busboy": {
   "version": "2.1.0",
   "resolved": "https://registry.npmjs.org/@fastify/busboy/-/busboy-2.1.0.tgz",
   "integrity": "sha512-+KpH+QxZU7O4675t3mnkQKcZZg56u+K/Ct2K+N2AZYNVK8kyeo/bI18tI8aPm3tvNNRyTWfj6s5tnGNlcbQRsA==",
   "engines": {
    "node": ">=14"
   }
  },
  "node_modules/@tagmein/civil-memory": {
   "version": "0.0.13",
   "resolved": "https://registry.npmjs.org/@tagmein/civil-memory/-/civil-memory-0.0.13.tgz",
   "integrity": "sha512-tG2C6vvwvMne7FjRYYOb6BCJrvFmokZjKOqhqdsJc1pB0Nvi6kPERObKDPCauB/X4eIkHIS9AXiSmLFzmY69Kw==",
   "dependencies": {
    "@vercel/blob": "^0.16.1",
    "@vercel/kv": "^1.0.0"
   }
  },
  "node_modules/@types/node": {
   "version": "20.10.6",
   "resolved": "https://registry.npmjs.org/@types/node/-/node-20.10.6.tgz",
   "integrity": "sha512-Vac8H+NlRNNlAmDfGUP7b5h/KA+AtWIzuXy0E6OyP8f1tCLYAtPvKRRDJjAPqhpCb0t6U2j7/xqAuLEebW2kiw==",
   "dev": true,
   "dependencies": {
    "undici-types": "~5.26.4"
   }
  },
  "node_modules/@upstash/redis": {
   "version": "1.25.1",
   "resolved": "https://registry.npmjs.org/@upstash/redis/-/redis-1.25.1.tgz",
   "integrity": "sha512-ACj0GhJ4qrQyBshwFgPod6XufVEfKX2wcaihsEvSdLYnY+m+pa13kGt1RXm/yTHKf4TQi/Dy2A8z/y6WUEOmlg==",
   "dependencies": {
    "crypto-js": "^4.2.0"
   }
  },
  "node_modules/@vercel/blob": {
   "version": "0.16.1",
   "resolved": "https://registry.npmjs.org/@vercel/blob/-/blob-0.16.1.tgz",
   "integrity": "sha512-GKslL5l/Jx8OBHRunBYsiWmbMxjvy7LRtOcN7czw7vV4c1Z4vGy8NYTd6RdJt08OKC2wHC28LDssdfVNLrzp+w==",
   "dependencies": {
    "undici": "5.28.2"
   },
   "engines": {
    "node": ">=16.14"
   }
  },
  "node_modules/@vercel/kv": {
   "version": "1.0.1",
   "resolved": "https://registry.npmjs.org/@vercel/kv/-/kv-1.0.1.tgz",
   "integrity": "sha512-uTKddsqVYS2GRAM/QMNNXCTuw9N742mLoGRXoNDcyECaxEXvIHG0dEY+ZnYISV4Vz534VwJO+64fd9XeSggSKw==",
   "dependencies": {
    "@upstash/redis": "1.25.1"
   },
   "engines": {
    "node": ">=14.6"
   }
  },
  "node_modules/crypto-js": {
   "version": "4.2.0",
   "resolved": "https://registry.npmjs.org/crypto-js/-/crypto-js-4.2.0.tgz",
   "integrity": "sha512-KALDyEYgpY+Rlob/iriUtjV6d5Eq+Y191A5g4UqLAi8CyGP9N1+FdVbkc1SxKc2r4YAYqG8JzO2KGL+AizD70Q=="
  },
  "node_modules/undici": {
   "version": "5.28.2",
   "resolved": "https://registry.npmjs.org/undici/-/undici-5.28.2.tgz",
   "integrity": "sha512-wh1pHJHnUeQV5Xa8/kyQhO7WFa8M34l026L5P/+2TYiakvGy5Rdc8jWZVyG7ieht/0WgJLEd3kcU5gKx+6GC8w==",
   "dependencies": {
    "@fastify/busboy": "^2.0.0"
   },
   "engines": {
    "node": ">=14.0"
   }
  },
  "node_modules/undici-types": {
   "version": "5.26.5",
   "resolved": "https://registry.npmjs.org/undici-types/-/undici-types-5.26.5.tgz",
   "integrity": "sha512-JlCMO+ehdEIKqlFxk6IfVoAUVmgz7cU7zD/h9XZ0qzeosSHmUJVOzSQvvYSYWXkFXC+IfLKSIffhv0sVZup6pA==",
   "dev": true
  }
 }
}
