{
 "name": "tagme.in",
 "lockfileVersion": 3,
 "requires": true,
 "packages": {
  "": {
   "dependencies": {
    "@vercel/blob": "^0.27.1",
    "@vercel/kv": "^3.0.0"
   },
   "devDependencies": {
    "@cloudflare/workers-types": "^4.20250129.0",
    "@types/node": "^20.17.16"
   }
  },
  "node_modules/@cloudflare/workers-types": {
   "version": "4.20250129.0",
   "resolved": "https://registry.npmjs.org/@cloudflare/workers-types/-/workers-types-4.20250129.0.tgz",
   "integrity": "sha512-H7g/sDB9GaV+fIPf3utNEYncFhryIvDThiBbfZtu0bZmVXcVd9ApP3OMqUYhNV8MShWQASvgWletKKBZGT9/oA==",
   "dev": true
  },
  "node_modules/@fastify/busboy": {
   "version": "2.1.1",
   "resolved": "https://registry.npmjs.org/@fastify/busboy/-/busboy-2.1.1.tgz",
   "integrity": "sha512-vBZP4NlzfOlerQTnba4aqZoMhE/a9HY7HRqoOPaETQcSQuWEIyZMHGfVu6w9wGtGK5fED5qRs2DteVCjOH60sA==",
   "engines": {
    "node": ">=14"
   }
  },
  "node_modules/@types/node": {
   "version": "20.17.16",
   "resolved": "https://registry.npmjs.org/@types/node/-/node-20.17.16.tgz",
   "integrity": "sha512-vOTpLduLkZXePLxHiHsBLp98mHGnl8RptV4YAO3HfKO5UHjDvySGbxKtpYfy8Sx5+WKcgc45qNreJJRVM3L6mw==",
   "dev": true,
   "dependencies": {
    "undici-types": "~6.19.2"
   }
  },
  "node_modules/@upstash/redis": {
   "version": "1.34.3",
   "resolved": "https://registry.npmjs.org/@upstash/redis/-/redis-1.34.3.tgz",
   "integrity": "sha512-VT25TyODGy/8ljl7GADnJoMmtmJ1F8d84UXfGonRRF8fWYJz7+2J6GzW+a6ETGtk4OyuRTt7FRSvFG5GvrfSdQ==",
   "dependencies": {
    "crypto-js": "^4.2.0"
   }
  },
  "node_modules/@vercel/blob": {
   "version": "0.27.1",
   "resolved": "https://registry.npmjs.org/@vercel/blob/-/blob-0.27.1.tgz",
   "integrity": "sha512-X5EG9W1cZW+Nbt/XdrJJSl5DzCXXn1JRP5nfFwkpFD03nB6uh6BldwX4syElHcciM4Pih8CS7Ri1mtLCJvxSHA==",
   "dependencies": {
    "async-retry": "^1.3.3",
    "is-buffer": "^2.0.5",
    "is-node-process": "^1.2.0",
    "throttleit": "^2.1.0",
    "undici": "^5.28.4"
   },
   "engines": {
    "node": ">=16.14"
   }
  },
  "node_modules/@vercel/kv": {
   "version": "3.0.0",
   "resolved": "https://registry.npmjs.org/@vercel/kv/-/kv-3.0.0.tgz",
   "integrity": "sha512-pKT8fRnfyYk2MgvyB6fn6ipJPCdfZwiKDdw7vB+HL50rjboEBHDVBEcnwfkEpVSp2AjNtoaOUH7zG+bVC/rvSg==",
   "dependencies": {
    "@upstash/redis": "^1.34.0"
   },
   "engines": {
    "node": ">=14.6"
   }
  },
  "node_modules/async-retry": {
   "version": "1.3.3",
   "resolved": "https://registry.npmjs.org/async-retry/-/async-retry-1.3.3.tgz",
   "integrity": "sha512-wfr/jstw9xNi/0teMHrRW7dsz3Lt5ARhYNZ2ewpadnhaIp5mbALhOAP+EAdsC7t4Z6wqsDVv9+W6gm1Dk9mEyw==",
   "dependencies": {
    "retry": "0.13.1"
   }
  },
  "node_modules/crypto-js": {
   "version": "4.2.0",
   "resolved": "https://registry.npmjs.org/crypto-js/-/crypto-js-4.2.0.tgz",
   "integrity": "sha512-KALDyEYgpY+Rlob/iriUtjV6d5Eq+Y191A5g4UqLAi8CyGP9N1+FdVbkc1SxKc2r4YAYqG8JzO2KGL+AizD70Q=="
  },
  "node_modules/is-buffer": {
   "version": "2.0.5",
   "resolved": "https://registry.npmjs.org/is-buffer/-/is-buffer-2.0.5.tgz",
   "integrity": "sha512-i2R6zNFDwgEHJyQUtJEk0XFi1i0dPFn/oqjK3/vPCcDeJvW5NQ83V8QbicfF1SupOaB0h8ntgBC2YiE7dfyctQ==",
   "funding": [
    {
     "type": "github",
     "url": "https://github.com/sponsors/feross"
    },
    {
     "type": "patreon",
     "url": "https://www.patreon.com/feross"
    },
    {
     "type": "consulting",
     "url": "https://feross.org/support"
    }
   ],
   "engines": {
    "node": ">=4"
   }
  },
  "node_modules/is-node-process": {
   "version": "1.2.0",
   "resolved": "https://registry.npmjs.org/is-node-process/-/is-node-process-1.2.0.tgz",
   "integrity": "sha512-Vg4o6/fqPxIjtxgUH5QLJhwZ7gW5diGCVlXpuUfELC62CuxM1iHcRe51f2W1FDy04Ai4KJkagKjx3XaqyfRKXw=="
  },
  "node_modules/retry": {
   "version": "0.13.1",
   "resolved": "https://registry.npmjs.org/retry/-/retry-0.13.1.tgz",
   "integrity": "sha512-XQBQ3I8W1Cge0Seh+6gjj03LbmRFWuoszgK9ooCpwYIrhhoO80pfq4cUkU5DkknwfOfFteRwlZ56PYOGYyFWdg==",
   "engines": {
    "node": ">= 4"
   }
  },
  "node_modules/throttleit": {
   "version": "2.1.0",
   "resolved": "https://registry.npmjs.org/throttleit/-/throttleit-2.1.0.tgz",
   "integrity": "sha512-nt6AMGKW1p/70DF/hGBdJB57B8Tspmbp5gfJ8ilhLnt7kkr2ye7hzD6NVG8GGErk2HWF34igrL2CXmNIkzKqKw==",
   "engines": {
    "node": ">=18"
   },
   "funding": {
    "url": "https://github.com/sponsors/sindresorhus"
   }
  },
  "node_modules/undici": {
   "version": "5.28.5",
   "resolved": "https://registry.npmjs.org/undici/-/undici-5.28.5.tgz",
   "integrity": "sha512-zICwjrDrcrUE0pyyJc1I2QzBkLM8FINsgOrt6WjA+BgajVq9Nxu2PbFFXUrAggLfDXlZGZBVZYw7WNV5KiBiBA==",
   "dependencies": {
    "@fastify/busboy": "^2.0.0"
   },
   "engines": {
    "node": ">=14.0"
   }
  },
  "node_modules/undici-types": {
   "version": "6.19.8",
   "resolved": "https://registry.npmjs.org/undici-types/-/undici-types-6.19.8.tgz",
   "integrity": "sha512-ve2KP6f/JnbPBFyobGHuerC9g1FYGn/F8n1LWTwNxCEzd6IfqTwUQcNXgEtmmQ6DlRrC1hrSrBnCZPokRrDHjw==",
   "dev": true
  }
 }
}
